# generated by rye
# use `rye lock` or `rye sync` to update this lockfile
#
# last locked with the following flags:
#   pre: false
#   features: []
#   all-features: false
#   with-sources: false

anyio==4.4.0
    # via httpx
certifi==2024.6.2
    # via httpcore
    # via httpx
greenlet==3.0.3
    # via sqlalchemy
h11==0.14.0
    # via httpcore
httpcore==1.0.5
    # via httpx
httpx==0.26.0
    # via python-telegram-bot
idna==3.7
    # via anyio
    # via httpx
psycopg2-binary==2.9.9
    # via shout-subgroup
python-dotenv==1.0.1
python-telegram-bot==20.8
sniffio==1.3.1
    # via anyio
    # via httpx
sqlalchemy==2.0.31
typing-extensions==4.12.2
    # via sqlalchemy
